
Microsoft Visual Studio Solution File, Format Version 12.00
# Visual Studio Version 16
VisualStudioVersion = 25.0.1703.5
MinimumVisualStudioVersion = 10.0.40219.1
Project("{FAE04EC0-301F-11D3-BF4B-00C04F79EFBC}") = "Budget-Tracker", "Budget-Tracker.csproj", "{5BF3BD04-28FC-4518-8B06-26A72E187119}"
EndProject
Global
	GlobalSection(SolutionConfigurationPlatforms) = preSolution
		Debug|Any CPU = Debug|Any CPU
		Release|Any CPU = Release|Any CPU
	EndGlobalSection
	GlobalSection(ProjectConfigurationPlatforms) = postSolution
		{5BF3BD04-28FC-4518-8B06-26A72E187119}.Debug|Any CPU.ActiveCfg = Debug|Any CPU
		{5BF3BD04-28FC-4518-8B06-26A72E187119}.Debug|Any CPU.Build.0 = Debug|Any CPU
		{5BF3BD04-28FC-4518-8B06-26A72E187119}.Release|Any CPU.ActiveCfg = Release|Any CPU
		{5BF3BD04-28FC-4518-8B06-26A72E187119}.Release|Any CPU.Build.0 = Release|Any CPU
	EndGlobalSection
	GlobalSection(SolutionProperties) = preSolution
		HideSolutionNode = FALSE
	EndGlobalSection
	GlobalSection(ExtensibilityGlobals) = postSolution
		SolutionGuid = {21AE6B48-9DDA-425E-9773-5D7CF20C8A5D}
	EndGlobalSection
EndGlobal
